
Microsoft Visual Studio Solution File, Format Version 12.00
# Visual Studio Version 17
VisualStudioVersion = 17.7.34221.43
MinimumVisualStudioVersion = 10.0.40219.1
Project("{8BC9CEB8-8B4A-11D0-8D11-00A0C91BC942}") = "lab11.4", "lab11.4\lab11.4.vcxproj", "{4F5DC008-D3E1-4FE9-A186-10E091CABBF0}"
EndProject
Project("{8BC9CEB8-8B4A-11D0-8D11-00A0C91BC942}") = "UnitTest11.4", "UnitTest11.4\UnitTest11.4.vcxproj", "{E8DEED81-2105-4D0E-B627-27114D35482B}"
EndProject
Global
	GlobalSection(SolutionConfigurationPlatforms) = preSolution
		Debug|x64 = Debug|x64
		Debug|x86 = Debug|x86
		Release|x64 = Release|x64
		Release|x86 = Release|x86
	EndGlobalSection
	GlobalSection(ProjectConfigurationPlatforms) = postSolution
		{4F5DC008-D3E1-4FE9-A186-10E091CABBF0}.Debug|x64.ActiveCfg = Debug|x64
		{4F5DC008-D3E1-4FE9-A186-10E091CABBF0}.Debug|x64.Build.0 = Debug|x64
		{4F5DC008-D3E1-4FE9-A186-10E091CABBF0}.Debug|x86.ActiveCfg = Debug|Win32
		{4F5DC008-D3E1-4FE9-A186-10E091CABBF0}.Debug|x86.Build.0 = Debug|Win32
		{4F5DC008-D3E1-4FE9-A186-10E091CABBF0}.Release|x64.ActiveCfg = Release|x64
		{4F5DC008-D3E1-4FE9-A186-10E091CABBF0}.Release|x64.Build.0 = Release|x64
		{4F5DC008-D3E1-4FE9-A186-10E091CABBF0}.Release|x86.ActiveCfg = Release|Win32
		{4F5DC008-D3E1-4FE9-A186-10E091CABBF0}.Release|x86.Build.0 = Release|Win32
		{E8DEED81-2105-4D0E-B627-27114D35482B}.Debug|x64.ActiveCfg = Debug|x64
		{E8DEED81-2105-4D0E-B627-27114D35482B}.Debug|x64.Build.0 = Debug|x64
		{E8DEED81-2105-4D0E-B627-27114D35482B}.Debug|x86.ActiveCfg = Debug|Win32
		{E8DEED81-2105-4D0E-B627-27114D35482B}.Debug|x86.Build.0 = Debug|Win32
		{E8DEED81-2105-4D0E-B627-27114D35482B}.Release|x64.ActiveCfg = Release|x64
		{E8DEED81-2105-4D0E-B627-27114D35482B}.Release|x64.Build.0 = Release|x64
		{E8DEED81-2105-4D0E-B627-27114D35482B}.Release|x86.ActiveCfg = Release|Win32
		{E8DEED81-2105-4D0E-B627-27114D35482B}.Release|x86.Build.0 = Release|Win32
	EndGlobalSection
	GlobalSection(SolutionProperties) = preSolution
		HideSolutionNode = FALSE
	EndGlobalSection
	GlobalSection(ExtensibilityGlobals) = postSolution
		SolutionGuid = {3CBDD382-DB8F-4330-9F9E-2B66CE3129F7}
	EndGlobalSection
EndGlobal
